// !$*UTF8*$!
{
	archiveVersion = 1;
	classes = {
	};
	objectVersion = 55;
	objects = {

/* Begin PBXBuildFile section */
		0734A758277FC78C009E9970 /* LocationDetailView.swift in Sources */ = {isa = PBXBuildFile; fileRef = 0734A757277FC78C009E9970 /* LocationDetailView.swift */; };
		078E58F527E6CB2C00580447 /* AvatarView.swift in Sources */ = {isa = PBXBuildFile; fileRef = 078E58F427E6CB2C00580447 /* AvatarView.swift */; };
		078E58F727E6CE1800580447 /* CustomModifiers.swift in Sources */ = {isa = PBXBuildFile; fileRef = 078E58F627E6CE1800580447 /* CustomModifiers.swift */; };
		078E58F927E6CE4300580447 /* View+Ext.swift in Sources */ = {isa = PBXBuildFile; fileRef = 078E58F827E6CE4300580447 /* View+Ext.swift */; };
		078E58FB27E6CF3600580447 /* DDGButton.swift in Sources */ = {isa = PBXBuildFile; fileRef = 078E58FA27E6CF3600580447 /* DDGButton.swift */; };
		07BEE9B3277C3043001EEFB9 /* DubDubGrubApp.swift in Sources */ = {isa = PBXBuildFile; fileRef = 07BEE9B2277C3043001EEFB9 /* DubDubGrubApp.swift */; };
		07BEE9B7277C3044001EEFB9 /* Assets.xcassets in Resources */ = {isa = PBXBuildFile; fileRef = 07BEE9B6277C3044001EEFB9 /* Assets.xcassets */; };
		07BEE9BA277C3044001EEFB9 /* Preview Assets.xcassets in Resources */ = {isa = PBXBuildFile; fileRef = 07BEE9B9277C3044001EEFB9 /* Preview Assets.xcassets */; };
		07BEE9C3277C317C001EEFB9 /* CloudKit.framework in Frameworks */ = {isa = PBXBuildFile; fileRef = 07BEE9C2277C317C001EEFB9 /* CloudKit.framework */; };
		07BEE9C5277C3561001EEFB9 /* Color+Ext.swift in Sources */ = {isa = PBXBuildFile; fileRef = 07BEE9C4277C3561001EEFB9 /* Color+Ext.swift */; };
		07BEE9C7277C35F2001EEFB9 /* AppTabView.swift in Sources */ = {isa = PBXBuildFile; fileRef = 07BEE9C6277C35F2001EEFB9 /* AppTabView.swift */; };
		07BEE9C9277C3670001EEFB9 /* LocationMapView.swift in Sources */ = {isa = PBXBuildFile; fileRef = 07BEE9C8277C3670001EEFB9 /* LocationMapView.swift */; };
		07BEE9CB277C3691001EEFB9 /* LocationListView.swift in Sources */ = {isa = PBXBuildFile; fileRef = 07BEE9CA277C3691001EEFB9 /* LocationListView.swift */; };
		07BEE9CD277C369D001EEFB9 /* ProfileView.swift in Sources */ = {isa = PBXBuildFile; fileRef = 07BEE9CC277C369D001EEFB9 /* ProfileView.swift */; };
/* End PBXBuildFile section */

/* Begin PBXFileReference section */
		0734A757277FC78C009E9970 /* LocationDetailView.swift */ = {isa = PBXFileReference; lastKnownFileType = sourcecode.swift; path = LocationDetailView.swift; sourceTree = "<group>"; };
		078E58F427E6CB2C00580447 /* AvatarView.swift */ = {isa = PBXFileReference; lastKnownFileType = sourcecode.swift; path = AvatarView.swift; sourceTree = "<group>"; };
		078E58F627E6CE1800580447 /* CustomModifiers.swift */ = {isa = PBXFileReference; lastKnownFileType = sourcecode.swift; path = CustomModifiers.swift; sourceTree = "<group>"; };
		078E58F827E6CE4300580447 /* View+Ext.swift */ = {isa = PBXFileReference; lastKnownFileType = sourcecode.swift; path = "View+Ext.swift"; sourceTree = "<group>"; };
		078E58FA27E6CF3600580447 /* DDGButton.swift */ = {isa = PBXFileReference; lastKnownFileType = sourcecode.swift; path = DDGButton.swift; sourceTree = "<group>"; };
		07BEE9AF277C3043001EEFB9 /* DubDubGrub.app */ = {isa = PBXFileReference; explicitFileType = wrapper.application; includeInIndex = 0; path = DubDubGrub.app; sourceTree = BUILT_PRODUCTS_DIR; };
		07BEE9B2277C3043001EEFB9 /* DubDubGrubApp.swift */ = {isa = PBXFileReference; lastKnownFileType = sourcecode.swift; path = DubDubGrubApp.swift; sourceTree = "<group>"; };
		07BEE9B6277C3044001EEFB9 /* Assets.xcassets */ = {isa = PBXFileReference; lastKnownFileType = folder.assetcatalog; path = Assets.xcassets; sourceTree = "<group>"; };
		07BEE9B9277C3044001EEFB9 /* Preview Assets.xcassets */ = {isa = PBXFileReference; lastKnownFileType = folder.assetcatalog; path = "Preview Assets.xcassets"; sourceTree = "<group>"; };
		07BEE9C0277C315A001EEFB9 /* DubDubGrub.entitlements */ = {isa = PBXFileReference; lastKnownFileType = text.plist.entitlements; path = DubDubGrub.entitlements; sourceTree = "<group>"; };
		07BEE9C2277C317C001EEFB9 /* CloudKit.framework */ = {isa = PBXFileReference; lastKnownFileType = wrapper.framework; name = CloudKit.framework; path = System/Library/Frameworks/CloudKit.framework; sourceTree = SDKROOT; };
		07BEE9C4277C3561001EEFB9 /* Color+Ext.swift */ = {isa = PBXFileReference; lastKnownFileType = sourcecode.swift; path = "Color+Ext.swift"; sourceTree = "<group>"; };
		07BEE9C6277C35F2001EEFB9 /* AppTabView.swift */ = {isa = PBXFileReference; lastKnownFileType = sourcecode.swift; path = AppTabView.swift; sourceTree = "<group>"; };
		07BEE9C8277C3670001EEFB9 /* LocationMapView.swift */ = {isa = PBXFileReference; lastKnownFileType = sourcecode.swift; path = LocationMapView.swift; sourceTree = "<group>"; };
		07BEE9CA277C3691001EEFB9 /* LocationListView.swift */ = {isa = PBXFileReference; lastKnownFileType = sourcecode.swift; path = LocationListView.swift; sourceTree = "<group>"; };
		07BEE9CC277C369D001EEFB9 /* ProfileView.swift */ = {isa = PBXFileReference; lastKnownFileType = sourcecode.swift; path = ProfileView.swift; sourceTree = "<group>"; };
/* End PBXFileReference section */

/* Begin PBXFrameworksBuildPhase section */
		07BEE9AC277C3043001EEFB9 /* Frameworks */ = {
			isa = PBXFrameworksBuildPhase;
			buildActionMask = 2147483647;
			files = (
				07BEE9C3277C317C001EEFB9 /* CloudKit.framework in Frameworks */,
			);
			runOnlyForDeploymentPostprocessing = 0;
		};
/* End PBXFrameworksBuildPhase section */

/* Begin PBXGroup section */
		078E58FC27E6D10100580447 /* Extensions */ = {
			isa = PBXGroup;
			children = (
				07BEE9C4277C3561001EEFB9 /* Color+Ext.swift */,
				078E58F827E6CE4300580447 /* View+Ext.swift */,
			);
			path = Extensions;
			sourceTree = "<group>";
		};
		078E58FD27E6D11500580447 /* Views */ = {
			isa = PBXGroup;
			children = (
				078E58F627E6CE1800580447 /* CustomModifiers.swift */,
				078E58FF27E6D20300580447 /* CustomViews */,
				078E58FE27E6D11E00580447 /* Screens */,
			);
			path = Views;
			sourceTree = "<group>";
		};
		078E58FE27E6D11E00580447 /* Screens */ = {
			isa = PBXGroup;
			children = (
				07BEE9C6277C35F2001EEFB9 /* AppTabView.swift */,
				07BEE9CA277C3691001EEFB9 /* LocationListView.swift */,
				07BEE9C8277C3670001EEFB9 /* LocationMapView.swift */,
				078E58F427E6CB2C00580447 /* AvatarView.swift */,
				0734A757277FC78C009E9970 /* LocationDetailView.swift */,
			);
			path = Screens;
			sourceTree = "<group>";
		};
		078E58FF27E6D20300580447 /* CustomViews */ = {
			isa = PBXGroup;
			children = (
				078E58FA27E6CF3600580447 /* DDGButton.swift */,
				07BEE9CC277C369D001EEFB9 /* ProfileView.swift */,
			);
			path = CustomViews;
			sourceTree = "<group>";
		};
		07BEE9A6277C3043001EEFB9 = {
			isa = PBXGroup;
			children = (
				07BEE9B1277C3043001EEFB9 /* DubDubGrub */,
				07BEE9B0277C3043001EEFB9 /* Products */,
				07BEE9C1277C317C001EEFB9 /* Frameworks */,
			);
			sourceTree = "<group>";
		};
		07BEE9B0277C3043001EEFB9 /* Products */ = {
			isa = PBXGroup;
			children = (
				07BEE9AF277C3043001EEFB9 /* DubDubGrub.app */,
			);
			name = Products;
			sourceTree = "<group>";
		};
		07BEE9B1277C3043001EEFB9 /* DubDubGrub */ = {
			isa = PBXGroup;
			children = (
				078E58FD27E6D11500580447 /* Views */,
				078E58FC27E6D10100580447 /* Extensions */,
				07BEE9C0277C315A001EEFB9 /* DubDubGrub.entitlements */,
				07BEE9B2277C3043001EEFB9 /* DubDubGrubApp.swift */,
				07BEE9B6277C3044001EEFB9 /* Assets.xcassets */,
				07BEE9B8277C3044001EEFB9 /* Preview Content */,
			);
			path = DubDubGrub;
			sourceTree = "<group>";
		};
		07BEE9B8277C3044001EEFB9 /* Preview Content */ = {
			isa = PBXGroup;
			children = (
				07BEE9B9277C3044001EEFB9 /* Preview Assets.xcassets */,
			);
			path = "Preview Content";
			sourceTree = "<group>";
		};
		07BEE9C1277C317C001EEFB9 /* Frameworks */ = {
			isa = PBXGroup;
			children = (
				07BEE9C2277C317C001EEFB9 /* CloudKit.framework */,
			);
			name = Frameworks;
			sourceTree = "<group>";
		};
/* End PBXGroup section */

/* Begin PBXNativeTarget section */
		07BEE9AE277C3043001EEFB9 /* DubDubGrub */ = {
			isa = PBXNativeTarget;
			buildConfigurationList = 07BEE9BD277C3044001EEFB9 /* Build configuration list for PBXNativeTarget "DubDubGrub" */;
			buildPhases = (
				07BEE9AB277C3043001EEFB9 /* Sources */,
				07BEE9AC277C3043001EEFB9 /* Frameworks */,
				07BEE9AD277C3043001EEFB9 /* Resources */,
			);
			buildRules = (
			);
			dependencies = (
			);
			name = DubDubGrub;
			productName = DubDubGrub;
			productReference = 07BEE9AF277C3043001EEFB9 /* DubDubGrub.app */;
			productType = "com.apple.product-type.application";
		};
/* End PBXNativeTarget section */

/* Begin PBXProject section */
		07BEE9A7277C3043001EEFB9 /* Project object */ = {
			isa = PBXProject;
			attributes = {
				BuildIndependentTargetsInParallel = 1;
				LastSwiftUpdateCheck = 1320;
				LastUpgradeCheck = 1320;
				TargetAttributes = {
					07BEE9AE277C3043001EEFB9 = {
						CreatedOnToolsVersion = 13.2.1;
					};
				};
			};
			buildConfigurationList = 07BEE9AA277C3043001EEFB9 /* Build configuration list for PBXProject "DubDubGrub" */;
			compatibilityVersion = "Xcode 13.0";
			developmentRegion = en;
			hasScannedForEncodings = 0;
			knownRegions = (
				en,
				Base,
			);
			mainGroup = 07BEE9A6277C3043001EEFB9;
			productRefGroup = 07BEE9B0277C3043001EEFB9 /* Products */;
			projectDirPath = "";
			projectRoot = "";
			targets = (
				07BEE9AE277C3043001EEFB9 /* DubDubGrub */,
			);
		};
/* End PBXProject section */

/* Begin PBXResourcesBuildPhase section */
		07BEE9AD277C3043001EEFB9 /* Resources */ = {
			isa = PBXResourcesBuildPhase;
			buildActionMask = 2147483647;
			files = (
				07BEE9BA277C3044001EEFB9 /* Preview Assets.xcassets in Resources */,
				07BEE9B7277C3044001EEFB9 /* Assets.xcassets in Resources */,
			);
			runOnlyForDeploymentPostprocessing = 0;
		};
/* End PBXResourcesBuildPhase section */

/* Begin PBXSourcesBuildPhase section */
		07BEE9AB277C3043001EEFB9 /* Sources */ = {
			isa = PBXSourcesBuildPhase;
			buildActionMask = 2147483647;
			files = (
				07BEE9B3277C3043001EEFB9 /* DubDubGrubApp.swift in Sources */,
				078E58FB27E6CF3600580447 /* DDGButton.swift in Sources */,
				07BEE9C9277C3670001EEFB9 /* LocationMapView.swift in Sources */,
				078E58F927E6CE4300580447 /* View+Ext.swift in Sources */,
				07BEE9CB277C3691001EEFB9 /* LocationListView.swift in Sources */,
				0734A758277FC78C009E9970 /* LocationDetailView.swift in Sources */,
				07BEE9C7277C35F2001EEFB9 /* AppTabView.swift in Sources */,
				078E58F527E6CB2C00580447 /* AvatarView.swift in Sources */,
				078E58F727E6CE1800580447 /* CustomModifiers.swift in Sources */,
				07BEE9CD277C369D001EEFB9 /* ProfileView.swift in Sources */,
				07BEE9C5277C3561001EEFB9 /* Color+Ext.swift in Sources */,
			);
			runOnlyForDeploymentPostprocessing = 0;
		};
/* End PBXSourcesBuildPhase section */

/* Begin XCBuildConfiguration section */
		07BEE9BB277C3044001EEFB9 /* Debug */ = {
			isa = XCBuildConfiguration;
			buildSettings = {
				ALWAYS_SEARCH_USER_PATHS = NO;
				CLANG_ANALYZER_NONNULL = YES;
				CLANG_ANALYZER_NUMBER_OBJECT_CONVERSION = YES_AGGRESSIVE;
				CLANG_CXX_LANGUAGE_STANDARD = "gnu++17";
				CLANG_CXX_LIBRARY = "libc++";
				CLANG_ENABLE_MODULES = YES;
				CLANG_ENABLE_OBJC_ARC = YES;
				CLANG_ENABLE_OBJC_WEAK = YES;
				CLANG_WARN_BLOCK_CAPTURE_AUTORELEASING = YES;
				CLANG_WARN_BOOL_CONVERSION = YES;
				CLANG_WARN_COMMA = YES;
				CLANG_WARN_CONSTANT_CONVERSION = YES;
				CLANG_WARN_DEPRECATED_OBJC_IMPLEMENTATIONS = YES;
				CLANG_WARN_DIRECT_OBJC_ISA_USAGE = YES_ERROR;
				CLANG_WARN_DOCUMENTATION_COMMENTS = YES;
				CLANG_WARN_EMPTY_BODY = YES;
				CLANG_WARN_ENUM_CONVERSION = YES;
				CLANG_WARN_INFINITE_RECURSION = YES;
				CLANG_WARN_INT_CONVERSION = YES;
				CLANG_WARN_NON_LITERAL_NULL_CONVERSION = YES;
				CLANG_WARN_OBJC_IMPLICIT_RETAIN_SELF = YES;
				CLANG_WARN_OBJC_LITERAL_CONVERSION = YES;
				CLANG_WARN_OBJC_ROOT_CLASS = YES_ERROR;
				CLANG_WARN_QUOTED_INCLUDE_IN_FRAMEWORK_HEADER = YES;
				CLANG_WARN_RANGE_LOOP_ANALYSIS = YES;
				CLANG_WARN_STRICT_PROTOTYPES = YES;
				CLANG_WARN_SUSPICIOUS_MOVE = YES;
				CLANG_WARN_UNGUARDED_AVAILABILITY = YES_AGGRESSIVE;
				CLANG_WARN_UNREACHABLE_CODE = YES;
				CLANG_WARN__DUPLICATE_METHOD_MATCH = YES;
				COPY_PHASE_STRIP = NO;
				DEBUG_INFORMATION_FORMAT = dwarf;
				ENABLE_STRICT_OBJC_MSGSEND = YES;
				ENABLE_TESTABILITY = YES;
				GCC_C_LANGUAGE_STANDARD = gnu11;
				GCC_DYNAMIC_NO_PIC = NO;
				GCC_NO_COMMON_BLOCKS = YES;
				GCC_OPTIMIZATION_LEVEL = 0;
				GCC_PREPROCESSOR_DEFINITIONS = (
					"DEBUG=1",
					"$(inherited)",
				);
				GCC_WARN_64_TO_32_BIT_CONVERSION = YES;
				GCC_WARN_ABOUT_RETURN_TYPE = YES_ERROR;
				GCC_WARN_UNDECLARED_SELECTOR = YES;
				GCC_WARN_UNINITIALIZED_AUTOS = YES_AGGRESSIVE;
				GCC_WARN_UNUSED_FUNCTION = YES;
				GCC_WARN_UNUSED_VARIABLE = YES;
				IPHONEOS_DEPLOYMENT_TARGET = 15.2;
				MTL_ENABLE_DEBUG_INFO = INCLUDE_SOURCE;
				MTL_FAST_MATH = YES;
				ONLY_ACTIVE_ARCH = YES;
				SDKROOT = iphoneos;
				SWIFT_ACTIVE_COMPILATION_CONDITIONS = DEBUG;
				SWIFT_OPTIMIZATION_LEVEL = "-Onone";
			};
			name = Debug;
		};
		07BEE9BC277C3044001EEFB9 /* Release */ = {
			isa = XCBuildConfiguration;
			buildSettings = {
				ALWAYS_SEARCH_USER_PATHS = NO;
				CLANG_ANALYZER_NONNULL = YES;
				CLANG_ANALYZER_NUMBER_OBJECT_CONVERSION = YES_AGGRESSIVE;
				CLANG_CXX_LANGUAGE_STANDARD = "gnu++17";
				CLANG_CXX_LIBRARY = "libc++";
				CLANG_ENABLE_MODULES = YES;
				CLANG_ENABLE_OBJC_ARC = YES;
				CLANG_ENABLE_OBJC_WEAK = YES;
				CLANG_WARN_BLOCK_CAPTURE_AUTORELEASING = YES;
				CLANG_WARN_BOOL_CONVERSION = YES;
				CLANG_WARN_COMMA = YES;
				CLANG_WARN_CONSTANT_CONVERSION = YES;
				CLANG_WARN_DEPRECATED_OBJC_IMPLEMENTATIONS = YES;
				CLANG_WARN_DIRECT_OBJC_ISA_USAGE = YES_ERROR;
				CLANG_WARN_DOCUMENTATION_COMMENTS = YES;
				CLANG_WARN_EMPTY_BODY = YES;
				CLANG_WARN_ENUM_CONVERSION = YES;
				CLANG_WARN_INFINITE_RECURSION = YES;
				CLANG_WARN_INT_CONVERSION = YES;
				CLANG_WARN_NON_LITERAL_NULL_CONVERSION = YES;
				CLANG_WARN_OBJC_IMPLICIT_RETAIN_SELF = YES;
				CLANG_WARN_OBJC_LITERAL_CONVERSION = YES;
				CLANG_WARN_OBJC_ROOT_CLASS = YES_ERROR;
				CLANG_WARN_QUOTED_INCLUDE_IN_FRAMEWORK_HEADER = YES;
				CLANG_WARN_RANGE_LOOP_ANALYSIS = YES;
				CLANG_WARN_STRICT_PROTOTYPES = YES;
				CLANG_WARN_SUSPICIOUS_MOVE = YES;
				CLANG_WARN_UNGUARDED_AVAILABILITY = YES_AGGRESSIVE;
				CLANG_WARN_UNREACHABLE_CODE = YES;
				CLANG_WARN__DUPLICATE_METHOD_MATCH = YES;
				COPY_PHASE_STRIP = NO;
				DEBUG_INFORMATION_FORMAT = "dwarf-with-dsym";
				ENABLE_NS_ASSERTIONS = NO;
				ENABLE_STRICT_OBJC_MSGSEND = YES;
				GCC_C_LANGUAGE_STANDARD = gnu11;
				GCC_NO_COMMON_BLOCKS = YES;
				GCC_WARN_64_TO_32_BIT_CONVERSION = YES;
				GCC_WARN_ABOUT_RETURN_TYPE = YES_ERROR;
				GCC_WARN_UNDECLARED_SELECTOR = YES;
				GCC_WARN_UNINITIALIZED_AUTOS = YES_AGGRESSIVE;
				GCC_WARN_UNUSED_FUNCTION = YES;
				GCC_WARN_UNUSED_VARIABLE = YES;
				IPHONEOS_DEPLOYMENT_TARGET = 15.2;
				MTL_ENABLE_DEBUG_INFO = NO;
				MTL_FAST_MATH = YES;
				SDKROOT = iphoneos;
				SWIFT_COMPILATION_MODE = wholemodule;
				SWIFT_OPTIMIZATION_LEVEL = "-O";
				VALIDATE_PRODUCT = YES;
			};
			name = Release;
		};
		07BEE9BE277C3044001EEFB9 /* Debug */ = {
			isa = XCBuildConfiguration;
			buildSettings = {
				ASSETCATALOG_COMPILER_APPICON_NAME = AppIcon;
				ASSETCATALOG_COMPILER_GLOBAL_ACCENT_COLOR_NAME = AccentColor;
				CODE_SIGN_ENTITLEMENTS = DubDubGrub/DubDubGrub.entitlements;
				CODE_SIGN_STYLE = Automatic;
				CURRENT_PROJECT_VERSION = 1;
				DEVELOPMENT_ASSET_PATHS = "\"DubDubGrub/Preview Content\"";
				DEVELOPMENT_TEAM = 7J978HLDTM;
				ENABLE_PREVIEWS = YES;
				GENERATE_INFOPLIST_FILE = YES;
				INFOPLIST_KEY_UIApplicationSceneManifest_Generation = YES;
				INFOPLIST_KEY_UIApplicationSupportsIndirectInputEvents = YES;
				INFOPLIST_KEY_UILaunchScreen_Generation = YES;
				INFOPLIST_KEY_UISupportedInterfaceOrientations_iPad = "UIInterfaceOrientationPortrait UIInterfaceOrientationPortraitUpsideDown UIInterfaceOrientationLandscapeLeft UIInterfaceOrientationLandscapeRight";
				INFOPLIST_KEY_UISupportedInterfaceOrientations_iPhone = "UIInterfaceOrientationPortrait UIInterfaceOrientationLandscapeLeft UIInterfaceOrientationLandscapeRight";
				LD_RUNPATH_SEARCH_PATHS = (
					"$(inherited)",
					"@executable_path/Frameworks",
				);
				MARKETING_VERSION = 1.0;
				PRODUCT_BUNDLE_IDENTIFIER = com.stevensantiago.DubDubGrub;
				PRODUCT_NAME = "$(TARGET_NAME)";
				SWIFT_EMIT_LOC_STRINGS = YES;
				SWIFT_VERSION = 5.0;
				TARGETED_DEVICE_FAMILY = "1,2";
			};
			name = Debug;
		};
		07BEE9BF277C3044001EEFB9 /* Release */ = {
			isa = XCBuildConfiguration;
			buildSettings = {
				ASSETCATALOG_COMPILER_APPICON_NAME = AppIcon;
				ASSETCATALOG_COMPILER_GLOBAL_ACCENT_COLOR_NAME = AccentColor;
				CODE_SIGN_ENTITLEMENTS = DubDubGrub/DubDubGrub.entitlements;
				CODE_SIGN_STYLE = Automatic;
				CURRENT_PROJECT_VERSION = 1;
				DEVELOPMENT_ASSET_PATHS = "\"DubDubGrub/Preview Content\"";
				DEVELOPMENT_TEAM = 7J978HLDTM;
				ENABLE_PREVIEWS = YES;
				GENERATE_INFOPLIST_FILE = YES;
				INFOPLIST_KEY_UIApplicationSceneManifest_Generation = YES;
				INFOPLIST_KEY_UIApplicationSupportsIndirectInputEvents = YES;
				INFOPLIST_KEY_UILaunchScreen_Generation = YES;
				INFOPLIST_KEY_UISupportedInterfaceOrientations_iPad = "UIInterfaceOrientationPortrait UIInterfaceOrientationPortraitUpsideDown UIInterfaceOrientationLandscapeLeft UIInterfaceOrientationLandscapeRight";
				INFOPLIST_KEY_UISupportedInterfaceOrientations_iPhone = "UIInterfaceOrientationPortrait UIInterfaceOrientationLandscapeLeft UIInterfaceOrientationLandscapeRight";
				LD_RUNPATH_SEARCH_PATHS = (
					"$(inherited)",
					"@executable_path/Frameworks",
				);
				MARKETING_VERSION = 1.0;
				PRODUCT_BUNDLE_IDENTIFIER = com.stevensantiago.DubDubGrub;
				PRODUCT_NAME = "$(TARGET_NAME)";
				SWIFT_EMIT_LOC_STRINGS = YES;
				SWIFT_VERSION = 5.0;
				TARGETED_DEVICE_FAMILY = "1,2";
			};
			name = Release;
		};
/* End XCBuildConfiguration section */

/* Begin XCConfigurationList section */
		07BEE9AA277C3043001EEFB9 /* Build configuration list for PBXProject "DubDubGrub" */ = {
			isa = XCConfigurationList;
			buildConfigurations = (
				07BEE9BB277C3044001EEFB9 /* Debug */,
				07BEE9BC277C3044001EEFB9 /* Release */,
			);
			defaultConfigurationIsVisible = 0;
			defaultConfigurationName = Release;
		};
		07BEE9BD277C3044001EEFB9 /* Build configuration list for PBXNativeTarget "DubDubGrub" */ = {
			isa = XCConfigurationList;
			buildConfigurations = (
				07BEE9BE277C3044001EEFB9 /* Debug */,
				07BEE9BF277C3044001EEFB9 /* Release */,
			);
			defaultConfigurationIsVisible = 0;
			defaultConfigurationName = Release;
		};
/* End XCConfigurationList section */
	};
	rootObject = 07BEE9A7277C3043001EEFB9 /* Project object */;
}
